
Microsoft Visual Studio Solution File, Format Version 12.00
# Visual Studio Version 17
VisualStudioVersion = 17.6.33829.357
MinimumVisualStudioVersion = 10.0.40219.1
Project("{FAE04EC0-301F-11D3-BF4B-00C04F79EFBC}") = "WebApi", "WebApi\WebApi.csproj", "{E59020FB-12D6-432F-8C4B-6B26DE99B8A2}"
EndProject
Global
	GlobalSection(SolutionConfigurationPlatforms) = preSolution
		Debug|Any CPU = Debug|Any CPU
		Release|Any CPU = Release|Any CPU
	EndGlobalSection
	GlobalSection(ProjectConfigurationPlatforms) = postSolution
		{E59020FB-12D6-432F-8C4B-6B26DE99B8A2}.Debug|Any CPU.ActiveCfg = Debug|Any CPU
		{E59020FB-12D6-432F-8C4B-6B26DE99B8A2}.Debug|Any CPU.Build.0 = Debug|Any CPU
		{E59020FB-12D6-432F-8C4B-6B26DE99B8A2}.Release|Any CPU.ActiveCfg = Release|Any CPU
		{E59020FB-12D6-432F-8C4B-6B26DE99B8A2}.Release|Any CPU.Build.0 = Release|Any CPU
	EndGlobalSection
	GlobalSection(SolutionProperties) = preSolution
		HideSolutionNode = FALSE
	EndGlobalSection
	GlobalSection(ExtensibilityGlobals) = postSolution
		SolutionGuid = {5F776232-FD79-4710-8C5B-639EDBB687FE}
	EndGlobalSection
EndGlobal
